// !$*UTF8*$!
{
	archiveVersion = 1;
	classes = {
	};
	objectVersion = 77;
	objects = {

/* Begin PBXBuildFile section */
		A10000000000000000000020 /* AppStore.swift in Sources */ = {isa = PBXBuildFile; fileRef = A10000000000000000000010 /* AppStore.swift */; };
		A10000000000000000000021 /* CLIService.swift in Sources */ = {isa = PBXBuildFile; fileRef = A10000000000000000000011 /* CLIService.swift */; };
		A10000000000000000000022 /* DashboardView.swift in Sources */ = {isa = PBXBuildFile; fileRef = A10000000000000000000012 /* DashboardView.swift */; };
		A10000000000000000000023 /* MenuBarView.swift in Sources */ = {isa = PBXBuildFile; fileRef = A10000000000000000000013 /* MenuBarView.swift */; };
		A10000000000000000000024 /* Models.swift in Sources */ = {isa = PBXBuildFile; fileRef = A10000000000000000000014 /* Models.swift */; };
		A10000000000000000000025 /* ProjectRow.swift in Sources */ = {isa = PBXBuildFile; fileRef = A10000000000000000000015 /* ProjectRow.swift */; };
		A10000000000000000000026 /* RNServerApp.swift in Sources */ = {isa = PBXBuildFile; fileRef = A10000000000000000000016 /* RNServerApp.swift */; };
		A10000000000000000000027 /* RNServerClient.swift in Sources */ = {isa = PBXBuildFile; fileRef = A10000000000000000000017 /* RNServerClient.swift */; };
		A10000000000000000000028 /* SettingsView.swift in Sources */ = {isa = PBXBuildFile; fileRef = A10000000000000000000018 /* SettingsView.swift */; };
		A10000000000000000000029 /* AppStoreTests.swift in Sources */ = {isa = PBXBuildFile; fileRef = A10000000000000000000019 /* AppStoreTests.swift */; };
/* End PBXBuildFile section */

/* Begin PBXContainerItemProxy section */
		A10000000000000000000038 /* PBXContainerItemProxy */ = {
			isa = PBXContainerItemProxy;
			containerPortal = A10000000000000000000001 /* Project object */;
			proxyType = 1;
			remoteGlobalIDString = A10000000000000000000036;
			remoteInfo = RNServerApp;
		};
/* End PBXContainerItemProxy section */

/* Begin PBXFileReference section */
		A10000000000000000000008 /* RN Server.app */ = {isa = PBXFileReference; explicitFileType = wrapper.application; includeInIndex = 0; path = "RN Server.app"; sourceTree = BUILT_PRODUCTS_DIR; };
		A10000000000000000000009 /* RNServerAppTests.xctest */ = {isa = PBXFileReference; explicitFileType = wrapper.cfbundle; includeInIndex = 0; path = RNServerAppTests.xctest; sourceTree = BUILT_PRODUCTS_DIR; };
		A10000000000000000000010 /* AppStore.swift */ = {isa = PBXFileReference; lastKnownFileType = sourcecode.swift; path = AppStore.swift; sourceTree = "<group>"; };
		A10000000000000000000011 /* CLIService.swift */ = {isa = PBXFileReference; lastKnownFileType = sourcecode.swift; path = CLIService.swift; sourceTree = "<group>"; };
		A10000000000000000000012 /* DashboardView.swift */ = {isa = PBXFileReference; lastKnownFileType = sourcecode.swift; path = DashboardView.swift; sourceTree = "<group>"; };
		A10000000000000000000013 /* MenuBarView.swift */ = {isa = PBXFileReference; lastKnownFileType = sourcecode.swift; path = MenuBarView.swift; sourceTree = "<group>"; };
		A10000000000000000000014 /* Models.swift */ = {isa = PBXFileReference; lastKnownFileType = sourcecode.swift; path = Models.swift; sourceTree = "<group>"; };
		A10000000000000000000015 /* ProjectRow.swift */ = {isa = PBXFileReference; lastKnownFileType = sourcecode.swift; path = ProjectRow.swift; sourceTree = "<group>"; };
		A10000000000000000000016 /* RNServerApp.swift */ = {isa = PBXFileReference; lastKnownFileType = sourcecode.swift; path = RNServerApp.swift; sourceTree = "<group>"; };
		A10000000000000000000017 /* RNServerClient.swift */ = {isa = PBXFileReference; lastKnownFileType = sourcecode.swift; path = RNServerClient.swift; sourceTree = "<group>"; };
		A10000000000000000000018 /* SettingsView.swift */ = {isa = PBXFileReference; lastKnownFileType = sourcecode.swift; path = SettingsView.swift; sourceTree = "<group>"; };
		A10000000000000000000019 /* AppStoreTests.swift */ = {isa = PBXFileReference; lastKnownFileType = sourcecode.swift; path = AppStoreTests.swift; sourceTree = "<group>"; };
/* End PBXFileReference section */

/* Begin PBXFrameworksBuildPhase section */
		A10000000000000000000031 /* Frameworks */ = {
			isa = PBXFrameworksBuildPhase;
			buildActionMask = 2147483647;
			files = (
			);
			runOnlyForDeploymentPostprocessing = 0;
		};
		A10000000000000000000034 /* Frameworks */ = {
			isa = PBXFrameworksBuildPhase;
			buildActionMask = 2147483647;
			files = (
			);
			runOnlyForDeploymentPostprocessing = 0;
		};
/* End PBXFrameworksBuildPhase section */

/* Begin PBXGroup section */
		A10000000000000000000002 = {
			isa = PBXGroup;
			children = (
				A10000000000000000000004 /* Sources */,
				A10000000000000000000006 /* Tests */,
				A10000000000000000000003 /* Products */,
			);
			sourceTree = "<group>";
		};
		A10000000000000000000003 /* Products */ = {
			isa = PBXGroup;
			children = (
				A10000000000000000000008 /* RN Server.app */,
				A10000000000000000000009 /* RNServerAppTests.xctest */,
			);
			name = Products;
			sourceTree = "<group>";
		};
		A10000000000000000000004 /* Sources */ = {
			isa = PBXGroup;
			children = (
				A10000000000000000000005 /* RNServerApp */,
			);
			path = Sources;
			sourceTree = "<group>";
		};
		A10000000000000000000005 /* RNServerApp */ = {
			isa = PBXGroup;
			children = (
				A10000000000000000000010 /* AppStore.swift */,
				A10000000000000000000011 /* CLIService.swift */,
				A10000000000000000000012 /* DashboardView.swift */,
				A10000000000000000000013 /* MenuBarView.swift */,
				A10000000000000000000014 /* Models.swift */,
				A10000000000000000000015 /* ProjectRow.swift */,
				A10000000000000000000016 /* RNServerApp.swift */,
				A10000000000000000000017 /* RNServerClient.swift */,
				A10000000000000000000018 /* SettingsView.swift */,
			);
			path = RNServerApp;
			sourceTree = "<group>";
		};
		A10000000000000000000006 /* Tests */ = {
			isa = PBXGroup;
			children = (
				A10000000000000000000007 /* RNServerAppTests */,
			);
			path = Tests;
			sourceTree = "<group>";
		};
		A10000000000000000000007 /* RNServerAppTests */ = {
			isa = PBXGroup;
			children = (
				A10000000000000000000019 /* AppStoreTests.swift */,
			);
			path = RNServerAppTests;
			sourceTree = "<group>";
		};
/* End PBXGroup section */

/* Begin PBXNativeTarget section */
		A10000000000000000000036 /* RNServerApp */ = {
			isa = PBXNativeTarget;
			buildConfigurationList = A10000000000000000000043 /* Build configuration list for PBXNativeTarget "RNServerApp" */;
			buildPhases = (
				A10000000000000000000030 /* Sources */,
				A10000000000000000000031 /* Frameworks */,
				A10000000000000000000032 /* Resources */,
			);
			buildRules = (
			);
			dependencies = (
			);
			name = RNServerApp;
			packageProductDependencies = (
			);
			productName = "RN Server";
			productReference = A10000000000000000000008 /* RN Server.app */;
			productType = "com.apple.product-type.application";
		};
		A10000000000000000000037 /* RNServerAppTests */ = {
			isa = PBXNativeTarget;
			buildConfigurationList = A10000000000000000000046 /* Build configuration list for PBXNativeTarget "RNServerAppTests" */;
			buildPhases = (
				A10000000000000000000033 /* Sources */,
				A10000000000000000000034 /* Frameworks */,
				A10000000000000000000035 /* Resources */,
			);
			buildRules = (
			);
			dependencies = (
				A10000000000000000000039 /* PBXTargetDependency */,
			);
			name = RNServerAppTests;
			packageProductDependencies = (
			);
			productName = RNServerAppTests;
			productReference = A10000000000000000000009 /* RNServerAppTests.xctest */;
			productType = "com.apple.product-type.bundle.unit-test";
		};
/* End PBXNativeTarget section */

/* Begin PBXProject section */
		A10000000000000000000001 /* Project object */ = {
			isa = PBXProject;
			attributes = {
				BuildIndependentTargetsInParallel = 1;
				LastSwiftUpdateCheck = 2650;
				LastUpgradeCheck = 2650;
				TargetAttributes = {
					A10000000000000000000036 = {
						CreatedOnToolsVersion = 26.0;
					};
					A10000000000000000000037 = {
						CreatedOnToolsVersion = 26.0;
						TestTargetID = A10000000000000000000036;
					};
				};
			};
			buildConfigurationList = A10000000000000000000040 /* Build configuration list for PBXProject "RNServer" */;
			developmentRegion = en;
			hasScannedForEncodings = 0;
			knownRegions = (
				en,
				Base,
			);
			mainGroup = A10000000000000000000002;
			minimizedProjectReferenceProxies = 1;
			preferredProjectObjectVersion = 77;
			productRefGroup = A10000000000000000000003 /* Products */;
			projectDirPath = "";
			projectRoot = "";
			targets = (
				A10000000000000000000036 /* RNServerApp */,
				A10000000000000000000037 /* RNServerAppTests */,
			);
		};
/* End PBXProject section */

/* Begin PBXResourcesBuildPhase section */
		A10000000000000000000032 /* Resources */ = {
			isa = PBXResourcesBuildPhase;
			buildActionMask = 2147483647;
			files = (
			);
			runOnlyForDeploymentPostprocessing = 0;
		};
		A10000000000000000000035 /* Resources */ = {
			isa = PBXResourcesBuildPhase;
			buildActionMask = 2147483647;
			files = (
			);
			runOnlyForDeploymentPostprocessing = 0;
		};
/* End PBXResourcesBuildPhase section */

/* Begin PBXSourcesBuildPhase section */
		A10000000000000000000030 /* Sources */ = {
			isa = PBXSourcesBuildPhase;
			buildActionMask = 2147483647;
			files = (
				A10000000000000000000020 /* AppStore.swift in Sources */,
				A10000000000000000000021 /* CLIService.swift in Sources */,
				A10000000000000000000022 /* DashboardView.swift in Sources */,
				A10000000000000000000023 /* MenuBarView.swift in Sources */,
				A10000000000000000000024 /* Models.swift in Sources */,
				A10000000000000000000025 /* ProjectRow.swift in Sources */,
				A10000000000000000000026 /* RNServerApp.swift in Sources */,
				A10000000000000000000027 /* RNServerClient.swift in Sources */,
				A10000000000000000000028 /* SettingsView.swift in Sources */,
			);
			runOnlyForDeploymentPostprocessing = 0;
		};
		A10000000000000000000033 /* Sources */ = {
			isa = PBXSourcesBuildPhase;
			buildActionMask = 2147483647;
			files = (
				A10000000000000000000029 /* AppStoreTests.swift in Sources */,
			);
			runOnlyForDeploymentPostprocessing = 0;
		};
/* End PBXSourcesBuildPhase section */

/* Begin PBXTargetDependency section */
		A10000000000000000000039 /* PBXTargetDependency */ = {
			isa = PBXTargetDependency;
			target = A10000000000000000000036 /* RNServerApp */;
			targetProxy = A10000000000000000000038 /* PBXContainerItemProxy */;
		};
/* End PBXTargetDependency section */

/* Begin XCBuildConfiguration section */
		A10000000000000000000041 /* Debug */ = {
			isa = XCBuildConfiguration;
			buildSettings = {
				CLANG_ENABLE_MODULES = YES;
				DEBUG_INFORMATION_FORMAT = dwarf;
				ENABLE_TESTABILITY = YES;
				GCC_OPTIMIZATION_LEVEL = 0;
				GCC_PREPROCESSOR_DEFINITIONS = (
					"DEBUG=1",
					"$(inherited)",
				);
				MACOSX_DEPLOYMENT_TARGET = 14.0;
				ONLY_ACTIVE_ARCH = YES;
				SDKROOT = macosx;
				SWIFT_ACTIVE_COMPILATION_CONDITIONS = DEBUG;
				SWIFT_OPTIMIZATION_LEVEL = "-Onone";
				SWIFT_VERSION = 6.0;
			};
			name = Debug;
		};
		A10000000000000000000042 /* Release */ = {
			isa = XCBuildConfiguration;
			buildSettings = {
				CLANG_ENABLE_MODULES = YES;
				DEBUG_INFORMATION_FORMAT = "dwarf-with-dsym";
				MACOSX_DEPLOYMENT_TARGET = 14.0;
				SDKROOT = macosx;
				SWIFT_COMPILATION_MODE = wholemodule;
				SWIFT_OPTIMIZATION_LEVEL = "-O";
				SWIFT_VERSION = 6.0;
			};
			name = Release;
		};
		A10000000000000000000044 /* Debug */ = {
			isa = XCBuildConfiguration;
			buildSettings = {
				CODE_SIGN_STYLE = Automatic;
				CURRENT_PROJECT_VERSION = 1;
				ENABLE_APP_SANDBOX = NO;
				ENABLE_HARDENED_RUNTIME = YES;
				GENERATE_INFOPLIST_FILE = YES;
				INFOPLIST_KEY_CFBundleDisplayName = "RN Server";
				INFOPLIST_KEY_NSHumanReadableCopyright = "Copyright © 2026 Henry";
				LD_RUNPATH_SEARCH_PATHS = (
					"$(inherited)",
					"@executable_path/../Frameworks",
				);
				MARKETING_VERSION = 0.1.0;
				PRODUCT_BUNDLE_IDENTIFIER = com.henry.rnserver;
				PRODUCT_MODULE_NAME = RNServerApp;
				PRODUCT_NAME = "RN Server";
				SWIFT_EMIT_LOC_STRINGS = YES;
			};
			name = Debug;
		};
		A10000000000000000000045 /* Release */ = {
			isa = XCBuildConfiguration;
			buildSettings = {
				CODE_SIGN_STYLE = Automatic;
				CURRENT_PROJECT_VERSION = 1;
				ENABLE_APP_SANDBOX = NO;
				ENABLE_HARDENED_RUNTIME = YES;
				GENERATE_INFOPLIST_FILE = YES;
				INFOPLIST_KEY_CFBundleDisplayName = "RN Server";
				INFOPLIST_KEY_NSHumanReadableCopyright = "Copyright © 2026 Henry";
				LD_RUNPATH_SEARCH_PATHS = (
					"$(inherited)",
					"@executable_path/../Frameworks",
				);
				MARKETING_VERSION = 0.1.0;
				PRODUCT_BUNDLE_IDENTIFIER = com.henry.rnserver;
				PRODUCT_MODULE_NAME = RNServerApp;
				PRODUCT_NAME = "RN Server";
				SWIFT_EMIT_LOC_STRINGS = YES;
			};
			name = Release;
		};
		A10000000000000000000047 /* Debug */ = {
			isa = XCBuildConfiguration;
			buildSettings = {
				BUNDLE_LOADER = "$(TEST_HOST)";
				CODE_SIGN_STYLE = Automatic;
				GENERATE_INFOPLIST_FILE = YES;
				LD_RUNPATH_SEARCH_PATHS = (
					"$(inherited)",
					"@executable_path/../Frameworks",
					"@loader_path/../Frameworks",
				);
				PRODUCT_BUNDLE_IDENTIFIER = com.henry.rnserver.tests;
				PRODUCT_NAME = "$(TARGET_NAME)";
				SWIFT_VERSION = 6.0;
				TEST_HOST = "$(BUILT_PRODUCTS_DIR)/RN Server.app/Contents/MacOS/RN Server";
			};
			name = Debug;
		};
		A10000000000000000000048 /* Release */ = {
			isa = XCBuildConfiguration;
			buildSettings = {
				BUNDLE_LOADER = "$(TEST_HOST)";
				CODE_SIGN_STYLE = Automatic;
				GENERATE_INFOPLIST_FILE = YES;
				LD_RUNPATH_SEARCH_PATHS = (
					"$(inherited)",
					"@executable_path/../Frameworks",
					"@loader_path/../Frameworks",
				);
				PRODUCT_BUNDLE_IDENTIFIER = com.henry.rnserver.tests;
				PRODUCT_NAME = "$(TARGET_NAME)";
				SWIFT_VERSION = 6.0;
				TEST_HOST = "$(BUILT_PRODUCTS_DIR)/RN Server.app/Contents/MacOS/RN Server";
			};
			name = Release;
		};
/* End XCBuildConfiguration section */

/* Begin XCConfigurationList section */
		A10000000000000000000040 /* Build configuration list for PBXProject "RNServer" */ = {
			isa = XCConfigurationList;
			buildConfigurations = (
				A10000000000000000000041 /* Debug */,
				A10000000000000000000042 /* Release */,
			);
			defaultConfigurationIsVisible = 0;
			defaultConfigurationName = Release;
		};
		A10000000000000000000043 /* Build configuration list for PBXNativeTarget "RNServerApp" */ = {
			isa = XCConfigurationList;
			buildConfigurations = (
				A10000000000000000000044 /* Debug */,
				A10000000000000000000045 /* Release */,
			);
			defaultConfigurationIsVisible = 0;
			defaultConfigurationName = Release;
		};
		A10000000000000000000046 /* Build configuration list for PBXNativeTarget "RNServerAppTests" */ = {
			isa = XCConfigurationList;
			buildConfigurations = (
				A10000000000000000000047 /* Debug */,
				A10000000000000000000048 /* Release */,
			);
			defaultConfigurationIsVisible = 0;
			defaultConfigurationName = Release;
		};
/* End XCConfigurationList section */
	};
	rootObject = A10000000000000000000001 /* Project object */;
}
